Microsoft Visual Studio Solution File, Format Version 12.00
# Visual Studio Version 17
VisualStudioVersion = 17.5.2.0
MinimumVisualStudioVersion = 10.0.40219.1
Project("{FAE04EC0-301F-11D3-BF4B-00C04F79EFBC}") = "TimecardBackend", "TimecardBackend\TimecardBackend.csproj", "{AC5C3312-B3FB-9C23-5C48-0BCBBE3DE8AC}"
EndProject
Global
	GlobalSection(SolutionConfigurationPlatforms) = preSolution
		Debug|Any CPU = Debug|Any CPU
		Release|Any CPU = Release|Any CPU
	EndGlobalSection
	GlobalSection(ProjectConfigurationPlatforms) = postSolution
		{AC5C3312-B3FB-9C23-5C48-0BCBBE3DE8AC}.Debug|Any CPU.ActiveCfg = Debug|Any CPU
		{AC5C3312-B3FB-9C23-5C48-0BCBBE3DE8AC}.Debug|Any CPU.Build.0 = Debug|Any CPU
		{AC5C3312-B3FB-9C23-5C48-0BCBBE3DE8AC}.Release|Any CPU.ActiveCfg = Release|Any CPU
		{AC5C3312-B3FB-9C23-5C48-0BCBBE3DE8AC}.Release|Any CPU.Build.0 = Release|Any CPU
	EndGlobalSection
	GlobalSection(SolutionProperties) = preSolution
		HideSolutionNode = FALSE
	EndGlobalSection
	GlobalSection(ExtensibilityGlobals) = postSolution
		SolutionGuid = {A9834659-503F-41F1-A5E8-75AE00E09052}
	EndGlobalSection
EndGlobal
